<?xml version="1.0" encoding="utf-8"?>
<Project ToolsVersion="4.0" xmlns="http://schemas.microsoft.com/developer/msbuild/2003">
  <ItemGroup>
    <Filter Include="Source Files">
      <UniqueIdentifier>{4FC737F1-C7A5-4376-A066-2A32D752A2FF}</UniqueIdentifier>
      <Extensions>cpp;c;cc;cxx;def;odl;idl;hpj;bat;asm;asmx</Extensions>
    </Filter>
    <Filter Include="Header Files">
      <UniqueIdentifier>{93995380-89BD-4b04-88EB-625FBE52EBFB}</UniqueIdentifier>
      <Extensions>h;hh;hpp;hxx;hm;inl;inc;xsd</Extensions>
    </Filter>
    <Filter Include="Resource Files">
      <UniqueIdentifier>{67DA6AB6-F800-4c08-8B7A-83BB121AAD01}</UniqueIdentifier>
      <Extensions>rc;ico;cur;bmp;dlg;rc2;rct;bin;rgs;gif;jpg;jpeg;jpe;resx;tiff;tif;png;wav;mfcribbon-ms</Extensions>
    </Filter>
  </ItemGroup>
  <ItemGroup>
    <ClCompile Include="src\wasm-bison-parser.c">
      <Filter>Source Files</Filter>
    </ClCompile>
    <ClCompile Include="src\wasm-check.c">
      <Filter>Source Files</Filter>
    </ClCompile>
    <ClCompile Include="src\wasm-flex-lexer.c">
      <Filter>Source Files</Filter>
    </ClCompile>
    <ClCompile Include="src\wasm-stack-allocator.c">
      <Filter>Source Files</Filter>
    </ClCompile>
    <ClCompile Include="src\wasm-vector.c">
      <Filter>Source Files</Filter>
    </ClCompile>
    <ClCompile Include="src\wasm-writer.c">
      <Filter>Source Files</Filter>
    </ClCompile>
    <ClCompile Include="src\sexpr-wasm.c">
      <Filter>Source Files</Filter>
    </ClCompile>
    <ClCompile Include="src\wasm.c">
      <Filter>Source Files</Filter>
    </ClCompile>
    <ClCompile Include="src\wasm-allocator.c">
      <Filter>Source Files</Filter>
    </ClCompile>
    <ClCompile Include="src\wasm-ast.c">
      <Filter>Source Files</Filter>
    </ClCompile>
    <ClCompile Include="src\wasm-binary-writer.c">
      <Filter>Source Files</Filter>
    </ClCompile>
  </ItemGroup>
  <ItemGroup>
    <ClInclude Include="src\wasm-internal.h">
      <Filter>Header Files</Filter>
    </ClInclude>
    <ClInclude Include="src\wasm-lexer.h">
      <Filter>Header Files</Filter>
    </ClInclude>
    <ClInclude Include="src\wasm-parser.h">
      <Filter>Header Files</Filter>
    </ClInclude>
    <ClInclude Include="src\wasm-stack-allocator.h">
      <Filter>Header Files</Filter>
    </ClInclude>
    <ClInclude Include="src\wasm-vector.h">
      <Filter>Header Files</Filter>
    </ClInclude>
    <ClInclude Include="src\wasm-writer.h">
      <Filter>Header Files</Filter>
    </ClInclude>
    <ClInclude Include="src\wasm-allocator.h">
      <Filter>Header Files</Filter>
    </ClInclude>
    <ClInclude Include="src\wasm-ast.h">
      <Filter>Header Files</Filter>
    </ClInclude>
    <ClInclude Include="src\wasm-binary.h">
      <Filter>Header Files</Filter>
    </ClInclude>
    <ClInclude Include="src\wasm-binary-writer.h">
      <Filter>Header Files</Filter>
    </ClInclude>
    <ClInclude Include="src\wasm-bison-parser.h">
      <Filter>Header Files</Filter>
    </ClInclude>
    <ClInclude Include="src\wasm-check.h">
      <Filter>Header Files</Filter>
    </ClInclude>
    <ClInclude Include="src\wasm-common.h">
      <Filter>Header Files</Filter>
    </ClInclude>
    <ClInclude Include="src\unistd.h">
      <Filter>Header Files</Filter>
    </ClInclude>
    <ClInclude Include="src\alloca.h">
      <Filter>Header Files</Filter>
    </ClInclude>
  </ItemGroup>
  <ItemGroup>
    <None Include="src\wasm-flex-lexer.l">
      <Filter>Source Files</Filter>
    </None>
    <None Include="src\wasm-bison-parser.y">
      <Filter>Source Files</Filter>
    </None>
  </ItemGroup>
</Project>